# This file is generated by running "yarn install" inside your project.
# Manual changes might be lost - proceed with caution!

__metadata:
  version: 6

"@igbot/api@workspace:src/api":
  version: 0.0.0-use.local
  resolution: "@igbot/api@workspace:src/api"
  languageName: unknown
  linkType: soft

"@igbot/cluster@workspace:src/cluster":
  version: 0.0.0-use.local
  resolution: "@igbot/cluster@workspace:src/cluster"
  languageName: unknown
  linkType: soft

"@igbot/core-tests@workspace:tests/core":
  version: 0.0.0-use.local
  resolution: "@igbot/core-tests@workspace:tests/core"
  languageName: unknown
  linkType: soft

"@igbot/core@workspace:src/core":
  version: 0.0.0-use.local
  resolution: "@igbot/core@workspace:src/core"
  languageName: unknown
  linkType: soft

"@igbot/master@workspace:src/master":
  version: 0.0.0-use.local
  resolution: "@igbot/master@workspace:src/master"
  languageName: unknown
  linkType: soft

"@igbot/resources@workspace:src/resources":
  version: 0.0.0-use.local
  resolution: "@igbot/resources@workspace:src/resources"
  languageName: unknown
  linkType: soft

"@igbot/website@workspace:src/website":
  version: 0.0.0-use.local
  resolution: "@igbot/website@workspace:src/website"
  languageName: unknown
  linkType: soft

"igbot@workspace:.":
  version: 0.0.0-use.local
  resolution: "igbot@workspace:."
  languageName: unknown
  linkType: soft
